
Microsoft Visual Studio Solution File, Format Version 12.00
# Visual Studio 15
VisualStudioVersion = 15.0.27004.2005
MinimumVisualStudioVersion = 10.0.40219.1
Project("{8BC9CEB8-8B4A-11D0-8D11-00A0C91BC942}") = "Kit", "Kit\Kit.vcxproj", "{62029814-0058-44A1-B1FE-4E01E7F47C97}"
EndProject
Global
	GlobalSection(SolutionConfigurationPlatforms) = preSolution
		Debug|x64 = Debug|x64
		Debug|x86 = Debug|x86
		Release|x64 = Release|x64
		Release|x86 = Release|x86
	EndGlobalSection
	GlobalSection(ProjectConfigurationPlatforms) = postSolution
		{62029814-0058-44A1-B1FE-4E01E7F47C97}.Debug|x64.ActiveCfg = Debug|x64
		{62029814-0058-44A1-B1FE-4E01E7F47C97}.Debug|x64.Build.0 = Debug|x64
		{62029814-0058-44A1-B1FE-4E01E7F47C97}.Debug|x86.ActiveCfg = Debug|Win32
		{62029814-0058-44A1-B1FE-4E01E7F47C97}.Debug|x86.Build.0 = Debug|Win32
		{62029814-0058-44A1-B1FE-4E01E7F47C97}.Release|x64.ActiveCfg = Release|x64
		{62029814-0058-44A1-B1FE-4E01E7F47C97}.Release|x64.Build.0 = Release|x64
		{62029814-0058-44A1-B1FE-4E01E7F47C97}.Release|x86.ActiveCfg = Release|Win32
		{62029814-0058-44A1-B1FE-4E01E7F47C97}.Release|x86.Build.0 = Release|Win32
	EndGlobalSection
	GlobalSection(SolutionProperties) = preSolution
		HideSolutionNode = FALSE
	EndGlobalSection
	GlobalSection(ExtensibilityGlobals) = postSolution
		SolutionGuid = {00E224F9-C1F4-4801-867A-5C2FC61E473F}
	EndGlobalSection
EndGlobal
